
Microsoft Visual Studio Solution File, Format Version 12.00
# Visual Studio Version 17
VisualStudioVersion = 17.14.36327.8 d17.14
MinimumVisualStudioVersion = 10.0.40219.1
Project("{FAE04EC0-301F-11D3-BF4B-00C04F79EFBC}") = "LeetCode", "LeetCode.csproj", "{0BF6D3F5-C92D-47A1-BE1D-6B356D926CC3}"
EndProject
Global
	GlobalSection(SolutionConfigurationPlatforms) = preSolution
		Debug|Any CPU = Debug|Any CPU
		Release|Any CPU = Release|Any CPU
	EndGlobalSection
	GlobalSection(ProjectConfigurationPlatforms) = postSolution
		{0BF6D3F5-C92D-47A1-BE1D-6B356D926CC3}.Debug|Any CPU.ActiveCfg = Debug|Any CPU
		{0BF6D3F5-C92D-47A1-BE1D-6B356D926CC3}.Debug|Any CPU.Build.0 = Debug|Any CPU
		{0BF6D3F5-C92D-47A1-BE1D-6B356D926CC3}.Release|Any CPU.ActiveCfg = Release|Any CPU
		{0BF6D3F5-C92D-47A1-BE1D-6B356D926CC3}.Release|Any CPU.Build.0 = Release|Any CPU
	EndGlobalSection
	GlobalSection(SolutionProperties) = preSolution
		HideSolutionNode = FALSE
	EndGlobalSection
	GlobalSection(ExtensibilityGlobals) = postSolution
		SolutionGuid = {6662FAF2-1FF4-4CF2-ADCE-6D0F74CFA7B7}
	EndGlobalSection
EndGlobal
